// !$*UTF8*$!
{
	archiveVersion = 1;
	classes = {
	};
	objectVersion = 46;
	objects = {

/* Begin PBXBuildFile section */
		0A1DF70B1A88B11C00E662E9 /* CityModel.swift in Sources */ = {isa = PBXBuildFile; fileRef = 0A1DF70A1A88B11C00E662E9 /* CityModel.swift */; };
		0A1DF70D1A88D61200E662E9 /* CityDetailViewController.swift in Sources */ = {isa = PBXBuildFile; fileRef = 0A1DF70C1A88D61200E662E9 /* CityDetailViewController.swift */; };
		0A1DF70F1A88D94A00E662E9 /* CityDetailCell.swift in Sources */ = {isa = PBXBuildFile; fileRef = 0A1DF70E1A88D94A00E662E9 /* CityDetailCell.swift */; };
		0A3FC2061A88542B007DE891 /* SwiftyJSON.swift in Sources */ = {isa = PBXBuildFile; fileRef = 0A3FC2051A88542B007DE891 /* SwiftyJSON.swift */; };
		0A8A8CA11A8B45ED00537C46 /* NewCityViewController.swift in Sources */ = {isa = PBXBuildFile; fileRef = 0A8A8CA01A8B45ED00537C46 /* NewCityViewController.swift */; };
		0A8A8CA51A8B4F0500537C46 /* ListCity.swift in Sources */ = {isa = PBXBuildFile; fileRef = 0A8A8CA41A8B4F0500537C46 /* ListCity.swift */; };
		0A9724051A86611A00AD565C /* AppDelegate.swift in Sources */ = {isa = PBXBuildFile; fileRef = 0A9724041A86611A00AD565C /* AppDelegate.swift */; };
		0A9724071A86611A00AD565C /* ViewController.swift in Sources */ = {isa = PBXBuildFile; fileRef = 0A9724061A86611A00AD565C /* ViewController.swift */; };
		0A97240A1A86611A00AD565C /* Main.storyboard in Resources */ = {isa = PBXBuildFile; fileRef = 0A9724081A86611A00AD565C /* Main.storyboard */; };
		0A97240C1A86611A00AD565C /* Images.xcassets in Resources */ = {isa = PBXBuildFile; fileRef = 0A97240B1A86611A00AD565C /* Images.xcassets */; };
		0A97240F1A86611A00AD565C /* LaunchScreen.xib in Resources */ = {isa = PBXBuildFile; fileRef = 0A97240D1A86611A00AD565C /* LaunchScreen.xib */; };
		0A97241B1A86611A00AD565C /* SwiftWebApiTests.swift in Sources */ = {isa = PBXBuildFile; fileRef = 0A97241A1A86611A00AD565C /* SwiftWebApiTests.swift */; };
		0A9724381A86614200AD565C /* AFHTTPRequestOperation.m in Sources */ = {isa = PBXBuildFile; fileRef = 0A9724261A86614200AD565C /* AFHTTPRequestOperation.m */; };
		0A9724391A86614200AD565C /* AFHTTPRequestOperationManager.m in Sources */ = {isa = PBXBuildFile; fileRef = 0A9724281A86614200AD565C /* AFHTTPRequestOperationManager.m */; };
		0A97243A1A86614200AD565C /* AFHTTPSessionManager.m in Sources */ = {isa = PBXBuildFile; fileRef = 0A97242A1A86614200AD565C /* AFHTTPSessionManager.m */; };
		0A97243B1A86614200AD565C /* AFNetworkReachabilityManager.m in Sources */ = {isa = PBXBuildFile; fileRef = 0A97242D1A86614200AD565C /* AFNetworkReachabilityManager.m */; };
		0A97243C1A86614200AD565C /* AFSecurityPolicy.m in Sources */ = {isa = PBXBuildFile; fileRef = 0A97242F1A86614200AD565C /* AFSecurityPolicy.m */; };
		0A97243D1A86614200AD565C /* AFURLConnectionOperation.m in Sources */ = {isa = PBXBuildFile; fileRef = 0A9724311A86614200AD565C /* AFURLConnectionOperation.m */; };
		0A97243E1A86614200AD565C /* AFURLRequestSerialization.m in Sources */ = {isa = PBXBuildFile; fileRef = 0A9724331A86614200AD565C /* AFURLRequestSerialization.m */; };
		0A97243F1A86614200AD565C /* AFURLResponseSerialization.m in Sources */ = {isa = PBXBuildFile; fileRef = 0A9724351A86614200AD565C /* AFURLResponseSerialization.m */; };
		0A9724401A86614200AD565C /* AFURLSessionManager.m in Sources */ = {isa = PBXBuildFile; fileRef = 0A9724371A86614200AD565C /* AFURLSessionManager.m */; };
		0A9724801A87C8EF00AD565C /* MobileCoreServices.framework in Frameworks */ = {isa = PBXBuildFile; fileRef = 0A97247F1A87C8EF00AD565C /* MobileCoreServices.framework */; };
		0A9724821A87C8FA00AD565C /* Security.framework in Frameworks */ = {isa = PBXBuildFile; fileRef = 0A9724811A87C8FA00AD565C /* Security.framework */; };
		0A9724841A87C9D100AD565C /* SystemConfiguration.framework in Frameworks */ = {isa = PBXBuildFile; fileRef = 0A9724831A87C9D100AD565C /* SystemConfiguration.framework */; };
		0A9724861A87C9EA00AD565C /* CoreLocation.framework in Frameworks */ = {isa = PBXBuildFile; fileRef = 0A9724851A87C9EA00AD565C /* CoreLocation.framework */; };
		0A9724881A87C9F600AD565C /* UIKit.framework in Frameworks */ = {isa = PBXBuildFile; fileRef = 0A9724871A87C9F600AD565C /* UIKit.framework */; };
		0A97248A1A87CA0400AD565C /* Foundation.framework in Frameworks */ = {isa = PBXBuildFile; fileRef = 0A9724891A87CA0400AD565C /* Foundation.framework */; };
		0A97248C1A87CA0D00AD565C /* CoreGraphics.framework in Frameworks */ = {isa = PBXBuildFile; fileRef = 0A97248B1A87CA0D00AD565C /* CoreGraphics.framework */; };
		0AB25D471A8B5C1F00159CCB /* ErrorMessageShow.swift in Sources */ = {isa = PBXBuildFile; fileRef = 0AB25D461A8B5C1F00159CCB /* ErrorMessageShow.swift */; };
/* End PBXBuildFile section */

/* Begin PBXContainerItemProxy section */
		0A9724151A86611A00AD565C /* PBXContainerItemProxy */ = {
			isa = PBXContainerItemProxy;
			containerPortal = 0A9723F71A86611A00AD565C /* Project object */;
			proxyType = 1;
			remoteGlobalIDString = 0A9723FE1A86611A00AD565C;
			remoteInfo = SwiftWebApi;
		};
/* End PBXContainerItemProxy section */

/* Begin PBXFileReference section */
		0A1DF70A1A88B11C00E662E9 /* CityModel.swift */ = {isa = PBXFileReference; fileEncoding = 4; lastKnownFileType = sourcecode.swift; path = CityModel.swift; sourceTree = "<group>"; };
		0A1DF70C1A88D61200E662E9 /* CityDetailViewController.swift */ = {isa = PBXFileReference; fileEncoding = 4; lastKnownFileType = sourcecode.swift; path = CityDetailViewController.swift; sourceTree = "<group>"; };
		0A1DF70E1A88D94A00E662E9 /* CityDetailCell.swift */ = {isa = PBXFileReference; fileEncoding = 4; lastKnownFileType = sourcecode.swift; path = CityDetailCell.swift; sourceTree = "<group>"; };
		0A3FC2051A88542B007DE891 /* SwiftyJSON.swift */ = {isa = PBXFileReference; fileEncoding = 4; lastKnownFileType = sourcecode.swift; path = SwiftyJSON.swift; sourceTree = "<group>"; };
		0A8A8CA01A8B45ED00537C46 /* NewCityViewController.swift */ = {isa = PBXFileReference; fileEncoding = 4; lastKnownFileType = sourcecode.swift; path = NewCityViewController.swift; sourceTree = "<group>"; };
		0A8A8CA41A8B4F0500537C46 /* ListCity.swift */ = {isa = PBXFileReference; fileEncoding = 4; lastKnownFileType = sourcecode.swift; path = ListCity.swift; sourceTree = "<group>"; };
		0A9723FF1A86611A00AD565C /* SwiftWebApi.app */ = {isa = PBXFileReference; explicitFileType = wrapper.application; includeInIndex = 0; path = SwiftWebApi.app; sourceTree = BUILT_PRODUCTS_DIR; };
		0A9724031A86611A00AD565C /* Info.plist */ = {isa = PBXFileReference; lastKnownFileType = text.plist.xml; path = Info.plist; sourceTree = "<group>"; };
		0A9724041A86611A00AD565C /* AppDelegate.swift */ = {isa = PBXFileReference; lastKnownFileType = sourcecode.swift; path = AppDelegate.swift; sourceTree = "<group>"; };
		0A9724061A86611A00AD565C /* ViewController.swift */ = {isa = PBXFileReference; lastKnownFileType = sourcecode.swift; path = ViewController.swift; sourceTree = "<group>"; };
		0A9724091A86611A00AD565C /* Base */ = {isa = PBXFileReference; lastKnownFileType = file.storyboard; name = Base; path = Base.lproj/Main.storyboard; sourceTree = "<group>"; };
		0A97240B1A86611A00AD565C /* Images.xcassets */ = {isa = PBXFileReference; lastKnownFileType = folder.assetcatalog; path = Images.xcassets; sourceTree = "<group>"; };
		0A97240E1A86611A00AD565C /* Base */ = {isa = PBXFileReference; lastKnownFileType = file.xib; name = Base; path = Base.lproj/LaunchScreen.xib; sourceTree = "<group>"; };
		0A9724141A86611A00AD565C /* SwiftWebApiTests.xctest */ = {isa = PBXFileReference; explicitFileType = wrapper.cfbundle; includeInIndex = 0; path = SwiftWebApiTests.xctest; sourceTree = BUILT_PRODUCTS_DIR; };
		0A9724191A86611A00AD565C /* Info.plist */ = {isa = PBXFileReference; lastKnownFileType = text.plist.xml; path = Info.plist; sourceTree = "<group>"; };
		0A97241A1A86611A00AD565C /* SwiftWebApiTests.swift */ = {isa = PBXFileReference; lastKnownFileType = sourcecode.swift; path = SwiftWebApiTests.swift; sourceTree = "<group>"; };
		0A9724251A86614200AD565C /* AFHTTPRequestOperation.h */ = {isa = PBXFileReference; fileEncoding = 4; lastKnownFileType = sourcecode.c.h; path = AFHTTPRequestOperation.h; sourceTree = "<group>"; };
		0A9724261A86614200AD565C /* AFHTTPRequestOperation.m */ = {isa = PBXFileReference; fileEncoding = 4; lastKnownFileType = sourcecode.c.objc; path = AFHTTPRequestOperation.m; sourceTree = "<group>"; };
		0A9724271A86614200AD565C /* AFHTTPRequestOperationManager.h */ = {isa = PBXFileReference; fileEncoding = 4; lastKnownFileType = sourcecode.c.h; path = AFHTTPRequestOperationManager.h; sourceTree = "<group>"; };
		0A9724281A86614200AD565C /* AFHTTPRequestOperationManager.m */ = {isa = PBXFileReference; fileEncoding = 4; lastKnownFileType = sourcecode.c.objc; path = AFHTTPRequestOperationManager.m; sourceTree = "<group>"; };
		0A9724291A86614200AD565C /* AFHTTPSessionManager.h */ = {isa = PBXFileReference; fileEncoding = 4; lastKnownFileType = sourcecode.c.h; path = AFHTTPSessionManager.h; sourceTree = "<group>"; };
		0A97242A1A86614200AD565C /* AFHTTPSessionManager.m */ = {isa = PBXFileReference; fileEncoding = 4; lastKnownFileType = sourcecode.c.objc; path = AFHTTPSessionManager.m; sourceTree = "<group>"; };
		0A97242B1A86614200AD565C /* AFNetworking.h */ = {isa = PBXFileReference; fileEncoding = 4; lastKnownFileType = sourcecode.c.h; path = AFNetworking.h; sourceTree = "<group>"; };
		0A97242C1A86614200AD565C /* AFNetworkReachabilityManager.h */ = {isa = PBXFileReference; fileEncoding = 4; lastKnownFileType = sourcecode.c.h; path = AFNetworkReachabilityManager.h; sourceTree = "<group>"; };
		0A97242D1A86614200AD565C /* AFNetworkReachabilityManager.m */ = {isa = PBXFileReference; fileEncoding = 4; lastKnownFileType = sourcecode.c.objc; path = AFNetworkReachabilityManager.m; sourceTree = "<group>"; };
		0A97242E1A86614200AD565C /* AFSecurityPolicy.h */ = {isa = PBXFileReference; fileEncoding = 4; lastKnownFileType = sourcecode.c.h; path = AFSecurityPolicy.h; sourceTree = "<group>"; };
		0A97242F1A86614200AD565C /* AFSecurityPolicy.m */ = {isa = PBXFileReference; fileEncoding = 4; lastKnownFileType = sourcecode.c.objc; path = AFSecurityPolicy.m; sourceTree = "<group>"; };
		0A9724301A86614200AD565C /* AFURLConnectionOperation.h */ = {isa = PBXFileReference; fileEncoding = 4; lastKnownFileType = sourcecode.c.h; path = AFURLConnectionOperation.h; sourceTree = "<group>"; };
		0A9724311A86614200AD565C /* AFURLConnectionOperation.m */ = {isa = PBXFileReference; fileEncoding = 4; lastKnownFileType = sourcecode.c.objc; path = AFURLConnectionOperation.m; sourceTree = "<group>"; };
		0A9724321A86614200AD565C /* AFURLRequestSerialization.h */ = {isa = PBXFileReference; fileEncoding = 4; lastKnownFileType = sourcecode.c.h; path = AFURLRequestSerialization.h; sourceTree = "<group>"; };
		0A9724331A86614200AD565C /* AFURLRequestSerialization.m */ = {isa = PBXFileReference; fileEncoding = 4; lastKnownFileType = sourcecode.c.objc; path = AFURLRequestSerialization.m; sourceTree = "<group>"; };
		0A9724341A86614200AD565C /* AFURLResponseSerialization.h */ = {isa = PBXFileReference; fileEncoding = 4; lastKnownFileType = sourcecode.c.h; path = AFURLResponseSerialization.h; sourceTree = "<group>"; };
		0A9724351A86614200AD565C /* AFURLResponseSerialization.m */ = {isa = PBXFileReference; fileEncoding = 4; lastKnownFileType = sourcecode.c.objc; path = AFURLResponseSerialization.m; sourceTree = "<group>"; };
		0A9724361A86614200AD565C /* AFURLSessionManager.h */ = {isa = PBXFileReference; fileEncoding = 4; lastKnownFileType = sourcecode.c.h; path = AFURLSessionManager.h; sourceTree = "<group>"; };
		0A9724371A86614200AD565C /* AFURLSessionManager.m */ = {isa = PBXFileReference; fileEncoding = 4; lastKnownFileType = sourcecode.c.objc; path = AFURLSessionManager.m; sourceTree = "<group>"; };
		0A9724411A86621200AD565C /* SwiftWebApi-Bridging-Header.h */ = {isa = PBXFileReference; fileEncoding = 4; lastKnownFileType = sourcecode.c.h; path = "SwiftWebApi-Bridging-Header.h"; sourceTree = "<group>"; };
		0A97247F1A87C8EF00AD565C /* MobileCoreServices.framework */ = {isa = PBXFileReference; lastKnownFileType = wrapper.framework; name = MobileCoreServices.framework; path = System/Library/Frameworks/MobileCoreServices.framework; sourceTree = SDKROOT; };
		0A9724811A87C8FA00AD565C /* Security.framework */ = {isa = PBXFileReference; lastKnownFileType = wrapper.framework; name = Security.framework; path = System/Library/Frameworks/Security.framework; sourceTree = SDKROOT; };
		0A9724831A87C9D100AD565C /* SystemConfiguration.framework */ = {isa = PBXFileReference; lastKnownFileType = wrapper.framework; name = SystemConfiguration.framework; path = System/Library/Frameworks/SystemConfiguration.framework; sourceTree = SDKROOT; };
		0A9724851A87C9EA00AD565C /* CoreLocation.framework */ = {isa = PBXFileReference; lastKnownFileType = wrapper.framework; name = CoreLocation.framework; path = System/Library/Frameworks/CoreLocation.framework; sourceTree = SDKROOT; };
		0A9724871A87C9F600AD565C /* UIKit.framework */ = {isa = PBXFileReference; lastKnownFileType = wrapper.framework; name = UIKit.framework; path = System/Library/Frameworks/UIKit.framework; sourceTree = SDKROOT; };
		0A9724891A87CA0400AD565C /* Foundation.framework */ = {isa = PBXFileReference; lastKnownFileType = wrapper.framework; name = Foundation.framework; path = System/Library/Frameworks/Foundation.framework; sourceTree = SDKROOT; };
		0A97248B1A87CA0D00AD565C /* CoreGraphics.framework */ = {isa = PBXFileReference; lastKnownFileType = wrapper.framework; name = CoreGraphics.framework; path = System/Library/Frameworks/CoreGraphics.framework; sourceTree = SDKROOT; };
		0AB25D461A8B5C1F00159CCB /* ErrorMessageShow.swift */ = {isa = PBXFileReference; fileEncoding = 4; lastKnownFileType = sourcecode.swift; path = ErrorMessageShow.swift; sourceTree = "<group>"; };
/* End PBXFileReference section */

/* Begin PBXFrameworksBuildPhase section */
		0A9723FC1A86611A00AD565C /* Frameworks */ = {
			isa = PBXFrameworksBuildPhase;
			buildActionMask = 2147483647;
			files = (
				0A97248C1A87CA0D00AD565C /* CoreGraphics.framework in Frameworks */,
				0A97248A1A87CA0400AD565C /* Foundation.framework in Frameworks */,
				0A9724881A87C9F600AD565C /* UIKit.framework in Frameworks */,
				0A9724861A87C9EA00AD565C /* CoreLocation.framework in Frameworks */,
				0A9724841A87C9D100AD565C /* SystemConfiguration.framework in Frameworks */,
				0A9724821A87C8FA00AD565C /* Security.framework in Frameworks */,
				0A9724801A87C8EF00AD565C /* MobileCoreServices.framework in Frameworks */,
			);
			runOnlyForDeploymentPostprocessing = 0;
		};
		0A9724111A86611A00AD565C /* Frameworks */ = {
			isa = PBXFrameworksBuildPhase;
			buildActionMask = 2147483647;
			files = (
			);
			runOnlyForDeploymentPostprocessing = 0;
		};
/* End PBXFrameworksBuildPhase section */

/* Begin PBXGroup section */
		0A1DF7091A88B0C000E662E9 /* Model */ = {
			isa = PBXGroup;
			children = (
				0A1DF70A1A88B11C00E662E9 /* CityModel.swift */,
			);
			name = Model;
			sourceTree = "<group>";
		};
		0A3FC2041A8853F7007DE891 /* SwiftyJSON */ = {
			isa = PBXGroup;
			children = (
				0A3FC2051A88542B007DE891 /* SwiftyJSON.swift */,
			);
			name = SwiftyJSON;
			sourceTree = "<group>";
		};
		0A465A3A1A88895500440F56 /* Resource */ = {
			isa = PBXGroup;
			children = (
			);
			name = Resource;
			sourceTree = "<group>";
		};
		0A8A8CA31A8B4ED400537C46 /* Rule */ = {
			isa = PBXGroup;
			children = (
				0A8A8CA41A8B4F0500537C46 /* ListCity.swift */,
				0AB25D461A8B5C1F00159CCB /* ErrorMessageShow.swift */,
			);
			name = Rule;
			sourceTree = "<group>";
		};
		0A9723F61A86611A00AD565C = {
			isa = PBXGroup;
			children = (
				0A9724011A86611A00AD565C /* SwiftWebApi */,
				0A9724171A86611A00AD565C /* SwiftWebApiTests */,
				0A9724001A86611A00AD565C /* Products */,
			);
			sourceTree = "<group>";
		};
		0A9724001A86611A00AD565C /* Products */ = {
			isa = PBXGroup;
			children = (
				0A9723FF1A86611A00AD565C /* SwiftWebApi.app */,
				0A9724141A86611A00AD565C /* SwiftWebApiTests.xctest */,
			);
			name = Products;
			sourceTree = "<group>";
		};
		0A9724011A86611A00AD565C /* SwiftWebApi */ = {
			isa = PBXGroup;
			children = (
				0A465A3A1A88895500440F56 /* Resource */,
				0A97247E1A87C81000AD565C /* Frameworks */,
				0A9724081A86611A00AD565C /* Main.storyboard */,
				0A9724041A86611A00AD565C /* AppDelegate.swift */,
				0A97247B1A87C7D500AD565C /* Class */,
				0A97247A1A87C77C00AD565C /* Vendor */,
				0A9724021A86611A00AD565C /* Supporting Files */,
				0A9724411A86621200AD565C /* SwiftWebApi-Bridging-Header.h */,
			);
			path = SwiftWebApi;
			sourceTree = "<group>";
		};
		0A9724021A86611A00AD565C /* Supporting Files */ = {
			isa = PBXGroup;
			children = (
				0A97240B1A86611A00AD565C /* Images.xcassets */,
				0A97240D1A86611A00AD565C /* LaunchScreen.xib */,
				0A9724031A86611A00AD565C /* Info.plist */,
			);
			name = "Supporting Files";
			sourceTree = "<group>";
		};
		0A9724171A86611A00AD565C /* SwiftWebApiTests */ = {
			isa = PBXGroup;
			children = (
				0A97241A1A86611A00AD565C /* SwiftWebApiTests.swift */,
				0A9724181A86611A00AD565C /* Supporting Files */,
			);
			path = SwiftWebApiTests;
			sourceTree = "<group>";
		};
		0A9724181A86611A00AD565C /* Supporting Files */ = {
			isa = PBXGroup;
			children = (
				0A9724191A86611A00AD565C /* Info.plist */,
			);
			name = "Supporting Files";
			sourceTree = "<group>";
		};
		0A9724241A86614200AD565C /* AFNetworking */ = {
			isa = PBXGroup;
			children = (
				0A9724251A86614200AD565C /* AFHTTPRequestOperation.h */,
				0A9724261A86614200AD565C /* AFHTTPRequestOperation.m */,
				0A9724271A86614200AD565C /* AFHTTPRequestOperationManager.h */,
				0A9724281A86614200AD565C /* AFHTTPRequestOperationManager.m */,
				0A9724291A86614200AD565C /* AFHTTPSessionManager.h */,
				0A97242A1A86614200AD565C /* AFHTTPSessionManager.m */,
				0A97242B1A86614200AD565C /* AFNetworking.h */,
				0A97242C1A86614200AD565C /* AFNetworkReachabilityManager.h */,
				0A97242D1A86614200AD565C /* AFNetworkReachabilityManager.m */,
				0A97242E1A86614200AD565C /* AFSecurityPolicy.h */,
				0A97242F1A86614200AD565C /* AFSecurityPolicy.m */,
				0A9724301A86614200AD565C /* AFURLConnectionOperation.h */,
				0A9724311A86614200AD565C /* AFURLConnectionOperation.m */,
				0A9724321A86614200AD565C /* AFURLRequestSerialization.h */,
				0A9724331A86614200AD565C /* AFURLRequestSerialization.m */,
				0A9724341A86614200AD565C /* AFURLResponseSerialization.h */,
				0A9724351A86614200AD565C /* AFURLResponseSerialization.m */,
				0A9724361A86614200AD565C /* AFURLSessionManager.h */,
				0A9724371A86614200AD565C /* AFURLSessionManager.m */,
			);
			path = AFNetworking;
			sourceTree = "<group>";
		};
		0A97247A1A87C77C00AD565C /* Vendor */ = {
			isa = PBXGroup;
			children = (
				0A3FC2041A8853F7007DE891 /* SwiftyJSON */,
				0A9724241A86614200AD565C /* AFNetworking */,
			);
			name = Vendor;
			sourceTree = "<group>";
		};
		0A97247B1A87C7D500AD565C /* Class */ = {
			isa = PBXGroup;
			children = (
				0A8A8CA31A8B4ED400537C46 /* Rule */,
				0A1DF7091A88B0C000E662E9 /* Model */,
				0A97247D1A87C7F900AD565C /* View */,
				0A97247C1A87C7E800AD565C /* Controller */,
			);
			name = Class;
			sourceTree = "<group>";
		};
		0A97247C1A87C7E800AD565C /* Controller */ = {
			isa = PBXGroup;
			children = (
				0A9724061A86611A00AD565C /* ViewController.swift */,
				0A1DF70C1A88D61200E662E9 /* CityDetailViewController.swift */,
				0A8A8CA01A8B45ED00537C46 /* NewCityViewController.swift */,
			);
			name = Controller;
			sourceTree = "<group>";
		};
		0A97247D1A87C7F900AD565C /* View */ = {
			isa = PBXGroup;
			children = (
				0A1DF70E1A88D94A00E662E9 /* CityDetailCell.swift */,
			);
			name = View;
			sourceTree = "<group>";
		};
		0A97247E1A87C81000AD565C /* Frameworks */ = {
			isa = PBXGroup;
			children = (
				0A9724871A87C9F600AD565C /* UIKit.framework */,
				0A9724851A87C9EA00AD565C /* CoreLocation.framework */,
				0A9724831A87C9D100AD565C /* SystemConfiguration.framework */,
				0A9724891A87CA0400AD565C /* Foundation.framework */,
				0A97248B1A87CA0D00AD565C /* CoreGraphics.framework */,
				0A9724811A87C8FA00AD565C /* Security.framework */,
				0A97247F1A87C8EF00AD565C /* MobileCoreServices.framework */,
			);
			name = Frameworks;
			sourceTree = "<group>";
		};
/* End PBXGroup section */

/* Begin PBXNativeTarget section */
		0A9723FE1A86611A00AD565C /* SwiftWebApi */ = {
			isa = PBXNativeTarget;
			buildConfigurationList = 0A97241E1A86611A00AD565C /* Build configuration list for PBXNativeTarget "SwiftWebApi" */;
			buildPhases = (
				0A9723FB1A86611A00AD565C /* Sources */,
				0A9723FC1A86611A00AD565C /* Frameworks */,
				0A9723FD1A86611A00AD565C /* Resources */,
			);
			buildRules = (
			);
			dependencies = (
			);
			name = SwiftWebApi;
			productName = SwiftWebApi;
			productReference = 0A9723FF1A86611A00AD565C /* SwiftWebApi.app */;
			productType = "com.apple.product-type.application";
		};
		0A9724131A86611A00AD565C /* SwiftWebApiTests */ = {
			isa = PBXNativeTarget;
			buildConfigurationList = 0A9724211A86611A00AD565C /* Build configuration list for PBXNativeTarget "SwiftWebApiTests" */;
			buildPhases = (
				0A9724101A86611A00AD565C /* Sources */,
				0A9724111A86611A00AD565C /* Frameworks */,
				0A9724121A86611A00AD565C /* Resources */,
			);
			buildRules = (
			);
			dependencies = (
				0A9724161A86611A00AD565C /* PBXTargetDependency */,
			);
			name = SwiftWebApiTests;
			productName = SwiftWebApiTests;
			productReference = 0A9724141A86611A00AD565C /* SwiftWebApiTests.xctest */;
			productType = "com.apple.product-type.bundle.unit-test";
		};
/* End PBXNativeTarget section */

/* Begin PBXProject section */
		0A9723F71A86611A00AD565C /* Project object */ = {
			isa = PBXProject;
			attributes = {
				LastUpgradeCheck = 0610;
				ORGANIZATIONNAME = wesin;
				TargetAttributes = {
					0A9723FE1A86611A00AD565C = {
						CreatedOnToolsVersion = 6.1.1;
					};
					0A9724131A86611A00AD565C = {
						CreatedOnToolsVersion = 6.1.1;
						TestTargetID = 0A9723FE1A86611A00AD565C;
					};
				};
			};
			buildConfigurationList = 0A9723FA1A86611A00AD565C /* Build configuration list for PBXProject "SwiftWebApi" */;
			compatibilityVersion = "Xcode 3.2";
			developmentRegion = English;
			hasScannedForEncodings = 0;
			knownRegions = (
				en,
				Base,
			);
			mainGroup = 0A9723F61A86611A00AD565C;
			productRefGroup = 0A9724001A86611A00AD565C /* Products */;
			projectDirPath = "";
			projectRoot = "";
			targets = (
				0A9723FE1A86611A00AD565C /* SwiftWebApi */,
				0A9724131A86611A00AD565C /* SwiftWebApiTests */,
			);
		};
/* End PBXProject section */

/* Begin PBXResourcesBuildPhase section */
		0A9723FD1A86611A00AD565C /* Resources */ = {
			isa = PBXResourcesBuildPhase;
			buildActionMask = 2147483647;
			files = (
				0A97240A1A86611A00AD565C /* Main.storyboard in Resources */,
				0A97240F1A86611A00AD565C /* LaunchScreen.xib in Resources */,
				0A97240C1A86611A00AD565C /* Images.xcassets in Resources */,
			);
			runOnlyForDeploymentPostprocessing = 0;
		};
		0A9724121A86611A00AD565C /* Resources */ = {
			isa = PBXResourcesBuildPhase;
			buildActionMask = 2147483647;
			files = (
			);
			runOnlyForDeploymentPostprocessing = 0;
		};
/* End PBXResourcesBuildPhase section */

/* Begin PBXSourcesBuildPhase section */
		0A9723FB1A86611A00AD565C /* Sources */ = {
			isa = PBXSourcesBuildPhase;
			buildActionMask = 2147483647;
			files = (
				0A97243E1A86614200AD565C /* AFURLRequestSerialization.m in Sources */,
				0A97243D1A86614200AD565C /* AFURLConnectionOperation.m in Sources */,
				0A97243C1A86614200AD565C /* AFSecurityPolicy.m in Sources */,
				0A8A8CA51A8B4F0500537C46 /* ListCity.swift in Sources */,
				0A3FC2061A88542B007DE891 /* SwiftyJSON.swift in Sources */,
				0A1DF70B1A88B11C00E662E9 /* CityModel.swift in Sources */,
				0A9724381A86614200AD565C /* AFHTTPRequestOperation.m in Sources */,
				0A9724401A86614200AD565C /* AFURLSessionManager.m in Sources */,
				0A97243F1A86614200AD565C /* AFURLResponseSerialization.m in Sources */,
				0A8A8CA11A8B45ED00537C46 /* NewCityViewController.swift in Sources */,
				0A9724071A86611A00AD565C /* ViewController.swift in Sources */,
				0A97243A1A86614200AD565C /* AFHTTPSessionManager.m in Sources */,
				0A1DF70D1A88D61200E662E9 /* CityDetailViewController.swift in Sources */,
				0AB25D471A8B5C1F00159CCB /* ErrorMessageShow.swift in Sources */,
				0A9724391A86614200AD565C /* AFHTTPRequestOperationManager.m in Sources */,
				0A1DF70F1A88D94A00E662E9 /* CityDetailCell.swift in Sources */,
				0A97243B1A86614200AD565C /* AFNetworkReachabilityManager.m in Sources */,
				0A9724051A86611A00AD565C /* AppDelegate.swift in Sources */,
			);
			runOnlyForDeploymentPostprocessing = 0;
		};
		0A9724101A86611A00AD565C /* Sources */ = {
			isa = PBXSourcesBuildPhase;
			buildActionMask = 2147483647;
			files = (
				0A97241B1A86611A00AD565C /* SwiftWebApiTests.swift in Sources */,
			);
			runOnlyForDeploymentPostprocessing = 0;
		};
/* End PBXSourcesBuildPhase section */

/* Begin PBXTargetDependency section */
		0A9724161A86611A00AD565C /* PBXTargetDependency */ = {
			isa = PBXTargetDependency;
			target = 0A9723FE1A86611A00AD565C /* SwiftWebApi */;
			targetProxy = 0A9724151A86611A00AD565C /* PBXContainerItemProxy */;
		};
/* End PBXTargetDependency section */

/* Begin PBXVariantGroup section */
		0A9724081A86611A00AD565C /* Main.storyboard */ = {
			isa = PBXVariantGroup;
			children = (
				0A9724091A86611A00AD565C /* Base */,
			);
			name = Main.storyboard;
			sourceTree = "<group>";
		};
		0A97240D1A86611A00AD565C /* LaunchScreen.xib */ = {
			isa = PBXVariantGroup;
			children = (
				0A97240E1A86611A00AD565C /* Base */,
			);
			name = LaunchScreen.xib;
			sourceTree = "<group>";
		};
/* End PBXVariantGroup section */

/* Begin XCBuildConfiguration section */
		0A97241C1A86611A00AD565C /* Debug */ = {
			isa = XCBuildConfiguration;
			buildSettings = {
				ALWAYS_SEARCH_USER_PATHS = NO;
				CLANG_CXX_LANGUAGE_STANDARD = "gnu++0x";
				CLANG_CXX_LIBRARY = "libc++";
				CLANG_ENABLE_MODULES = YES;
				CLANG_ENABLE_OBJC_ARC = YES;
				CLANG_WARN_BOOL_CONVERSION = YES;
				CLANG_WARN_CONSTANT_CONVERSION = YES;
				CLANG_WARN_DIRECT_OBJC_ISA_USAGE = YES_ERROR;
				CLANG_WARN_EMPTY_BODY = YES;
				CLANG_WARN_ENUM_CONVERSION = YES;
				CLANG_WARN_INT_CONVERSION = YES;
				CLANG_WARN_OBJC_ROOT_CLASS = YES_ERROR;
				CLANG_WARN_UNREACHABLE_CODE = YES;
				CLANG_WARN__DUPLICATE_METHOD_MATCH = YES;
				"CODE_SIGN_IDENTITY[sdk=iphoneos*]" = "iPhone Developer";
				COPY_PHASE_STRIP = NO;
				ENABLE_STRICT_OBJC_MSGSEND = YES;
				GCC_C_LANGUAGE_STANDARD = gnu99;
				GCC_DYNAMIC_NO_PIC = NO;
				GCC_OPTIMIZATION_LEVEL = 0;
				GCC_PREPROCESSOR_DEFINITIONS = (
					"DEBUG=1",
					"$(inherited)",
				);
				GCC_SYMBOLS_PRIVATE_EXTERN = NO;
				GCC_WARN_64_TO_32_BIT_CONVERSION = YES;
				GCC_WARN_ABOUT_RETURN_TYPE = YES_ERROR;
				GCC_WARN_UNDECLARED_SELECTOR = YES;
				GCC_WARN_UNINITIALIZED_AUTOS = YES_AGGRESSIVE;
				GCC_WARN_UNUSED_FUNCTION = YES;
				GCC_WARN_UNUSED_VARIABLE = YES;
				IPHONEOS_DEPLOYMENT_TARGET = 8.1;
				MTL_ENABLE_DEBUG_INFO = YES;
				ONLY_ACTIVE_ARCH = YES;
				SDKROOT = iphoneos;
				SWIFT_OPTIMIZATION_LEVEL = "-Onone";
			};
			name = Debug;
		};
		0A97241D1A86611A00AD565C /* Release */ = {
			isa = XCBuildConfiguration;
			buildSettings = {
				ALWAYS_SEARCH_USER_PATHS = NO;
				CLANG_CXX_LANGUAGE_STANDARD = "gnu++0x";
				CLANG_CXX_LIBRARY = "libc++";
				CLANG_ENABLE_MODULES = YES;
				CLANG_ENABLE_OBJC_ARC = YES;
				CLANG_WARN_BOOL_CONVERSION = YES;
				CLANG_WARN_CONSTANT_CONVERSION = YES;
				CLANG_WARN_DIRECT_OBJC_ISA_USAGE = YES_ERROR;
				CLANG_WARN_EMPTY_BODY = YES;
				CLANG_WARN_ENUM_CONVERSION = YES;
				CLANG_WARN_INT_CONVERSION = YES;
				CLANG_WARN_OBJC_ROOT_CLASS = YES_ERROR;
				CLANG_WARN_UNREACHABLE_CODE = YES;
				CLANG_WARN__DUPLICATE_METHOD_MATCH = YES;
				"CODE_SIGN_IDENTITY[sdk=iphoneos*]" = "iPhone Developer";
				COPY_PHASE_STRIP = YES;
				ENABLE_NS_ASSERTIONS = NO;
				ENABLE_STRICT_OBJC_MSGSEND = YES;
				GCC_C_LANGUAGE_STANDARD = gnu99;
				GCC_WARN_64_TO_32_BIT_CONVERSION = YES;
				GCC_WARN_ABOUT_RETURN_TYPE = YES_ERROR;
				GCC_WARN_UNDECLARED_SELECTOR = YES;
				GCC_WARN_UNINITIALIZED_AUTOS = YES_AGGRESSIVE;
				GCC_WARN_UNUSED_FUNCTION = YES;
				GCC_WARN_UNUSED_VARIABLE = YES;
				IPHONEOS_DEPLOYMENT_TARGET = 8.1;
				MTL_ENABLE_DEBUG_INFO = NO;
				SDKROOT = iphoneos;
				VALIDATE_PRODUCT = YES;
			};
			name = Release;
		};
		0A97241F1A86611A00AD565C /* Debug */ = {
			isa = XCBuildConfiguration;
			buildSettings = {
				ASSETCATALOG_COMPILER_APPICON_NAME = AppIcon;
				INFOPLIST_FILE = SwiftWebApi/Info.plist;
				LD_RUNPATH_SEARCH_PATHS = "$(inherited) @executable_path/Frameworks";
				PRODUCT_NAME = "$(TARGET_NAME)";
				SWIFT_OBJC_BRIDGING_HEADER = "SwiftWebApi/SwiftWebApi-Bridging-Header.h";
			};
			name = Debug;
		};
		0A9724201A86611A00AD565C /* Release */ = {
			isa = XCBuildConfiguration;
			buildSettings = {
				ASSETCATALOG_COMPILER_APPICON_NAME = AppIcon;
				INFOPLIST_FILE = SwiftWebApi/Info.plist;
				LD_RUNPATH_SEARCH_PATHS = "$(inherited) @executable_path/Frameworks";
				PRODUCT_NAME = "$(TARGET_NAME)";
				SWIFT_OBJC_BRIDGING_HEADER = "SwiftWebApi/SwiftWebApi-Bridging-Header.h";
			};
			name = Release;
		};
		0A9724221A86611A00AD565C /* Debug */ = {
			isa = XCBuildConfiguration;
			buildSettings = {
				BUNDLE_LOADER = "$(TEST_HOST)";
				FRAMEWORK_SEARCH_PATHS = (
					"$(SDKROOT)/Developer/Library/Frameworks",
					"$(inherited)",
				);
				GCC_PREPROCESSOR_DEFINITIONS = (
					"DEBUG=1",
					"$(inherited)",
				);
				INFOPLIST_FILE = SwiftWebApiTests/Info.plist;
				LD_RUNPATH_SEARCH_PATHS = "$(inherited) @executable_path/Frameworks @loader_path/Frameworks";
				PRODUCT_NAME = "$(TARGET_NAME)";
				TEST_HOST = "$(BUILT_PRODUCTS_DIR)/SwiftWebApi.app/SwiftWebApi";
			};
			name = Debug;
		};
		0A9724231A86611A00AD565C /* Release */ = {
			isa = XCBuildConfiguration;
			buildSettings = {
				BUNDLE_LOADER = "$(TEST_HOST)";
				FRAMEWORK_SEARCH_PATHS = (
					"$(SDKROOT)/Developer/Library/Frameworks",
					"$(inherited)",
				);
				INFOPLIST_FILE = SwiftWebApiTests/Info.plist;
				LD_RUNPATH_SEARCH_PATHS = "$(inherited) @executable_path/Frameworks @loader_path/Frameworks";
				PRODUCT_NAME = "$(TARGET_NAME)";
				TEST_HOST = "$(BUILT_PRODUCTS_DIR)/SwiftWebApi.app/SwiftWebApi";
			};
			name = Release;
		};
/* End XCBuildConfiguration section */

/* Begin XCConfigurationList section */
		0A9723FA1A86611A00AD565C /* Build configuration list for PBXProject "SwiftWebApi" */ = {
			isa = XCConfigurationList;
			buildConfigurations = (
				0A97241C1A86611A00AD565C /* Debug */,
				0A97241D1A86611A00AD565C /* Release */,
			);
			defaultConfigurationIsVisible = 0;
			defaultConfigurationName = Release;
		};
		0A97241E1A86611A00AD565C /* Build configuration list for PBXNativeTarget "SwiftWebApi" */ = {
			isa = XCConfigurationList;
			buildConfigurations = (
				0A97241F1A86611A00AD565C /* Debug */,
				0A9724201A86611A00AD565C /* Release */,
			);
			defaultConfigurationIsVisible = 0;
			defaultConfigurationName = Release;
		};
		0A9724211A86611A00AD565C /* Build configuration list for PBXNativeTarget "SwiftWebApiTests" */ = {
			isa = XCConfigurationList;
			buildConfigurations = (
				0A9724221A86611A00AD565C /* Debug */,
				0A9724231A86611A00AD565C /* Release */,
			);
			defaultConfigurationIsVisible = 0;
			defaultConfigurationName = Release;
		};
/* End XCConfigurationList section */
	};
	rootObject = 0A9723F71A86611A00AD565C /* Project object */;
}
